// !$*UTF8*$!
{
	archiveVersion = 1;
	classes = {
	};
	objectVersion = 46;
	objects = {

/* Begin PBXBuildFile section */
		4807F25E1D37B624009B31B2 /* DatePickTextField.swift in Sources */ = {isa = PBXBuildFile; fileRef = 4807F25D1D37B624009B31B2 /* DatePickTextField.swift */; };
		48780A641D33BD3E00B75E61 /* CoreLocation.framework in Frameworks */ = {isa = PBXBuildFile; fileRef = 48780A631D33BD3E00B75E61 /* CoreLocation.framework */; };
		48780AB51D35042000B75E61 /* EntryCell.swift in Sources */ = {isa = PBXBuildFile; fileRef = 48780AB31D35042000B75E61 /* EntryCell.swift */; };
		48780AB61D35042000B75E61 /* EntryCell.xib in Resources */ = {isa = PBXBuildFile; fileRef = 48780AB41D35042000B75E61 /* EntryCell.xib */; };
		4899F02A1D36D9F0002E6505 /* OnBoardingViewController.swift in Sources */ = {isa = PBXBuildFile; fileRef = 4899F0281D36D9F0002E6505 /* OnBoardingViewController.swift */; };
		4899F02B1D36D9F0002E6505 /* OnBoardingViewController.xib in Resources */ = {isa = PBXBuildFile; fileRef = 4899F0291D36D9F0002E6505 /* OnBoardingViewController.xib */; };
		48ACA1AC1D2FB1EC0014DA5C /* AppDelegate.swift in Sources */ = {isa = PBXBuildFile; fileRef = 48ACA1AB1D2FB1EC0014DA5C /* AppDelegate.swift */; };
		48ACA1B31D2FB1EC0014DA5C /* Assets.xcassets in Resources */ = {isa = PBXBuildFile; fileRef = 48ACA1B21D2FB1EC0014DA5C /* Assets.xcassets */; };
		48ACA1B61D2FB1EC0014DA5C /* LaunchScreen.storyboard in Resources */ = {isa = PBXBuildFile; fileRef = 48ACA1B41D2FB1EC0014DA5C /* LaunchScreen.storyboard */; };
		48ACA1BF1D2FCF230014DA5C /* MapViewController.swift in Sources */ = {isa = PBXBuildFile; fileRef = 48ACA1BD1D2FCF230014DA5C /* MapViewController.swift */; };
		48ACA1C01D2FCF230014DA5C /* MapViewController.xib in Resources */ = {isa = PBXBuildFile; fileRef = 48ACA1BE1D2FCF230014DA5C /* MapViewController.xib */; };
		48ACA1C21D2FCF390014DA5C /* MapKit.framework in Frameworks */ = {isa = PBXBuildFile; fileRef = 48ACA1C11D2FCF390014DA5C /* MapKit.framework */; };
		48ACA1C41D3008D70014DA5C /* JournalEntry.swift in Sources */ = {isa = PBXBuildFile; fileRef = 48ACA1C31D3008D70014DA5C /* JournalEntry.swift */; };
		48ACA1C61D300A8A0014DA5C /* JournalEntryController.swift in Sources */ = {isa = PBXBuildFile; fileRef = 48ACA1C51D300A8A0014DA5C /* JournalEntryController.swift */; };
		48ACA1C91D3194CC0014DA5C /* AddEntryViewController.swift in Sources */ = {isa = PBXBuildFile; fileRef = 48ACA1C71D3194CC0014DA5C /* AddEntryViewController.swift */; };
		48ACA1CA1D3194CC0014DA5C /* AddEntryViewController.xib in Resources */ = {isa = PBXBuildFile; fileRef = 48ACA1C81D3194CC0014DA5C /* AddEntryViewController.xib */; };
		E1F4178DFA1643582C23E587 /* Pods_iXplore.framework in Frameworks */ = {isa = PBXBuildFile; fileRef = F8C7F30A213F9D38A45CC253 /* Pods_iXplore.framework */; };
/* End PBXBuildFile section */

/* Begin PBXFileReference section */
		4807F25D1D37B624009B31B2 /* DatePickTextField.swift */ = {isa = PBXFileReference; fileEncoding = 4; lastKnownFileType = sourcecode.swift; path = DatePickTextField.swift; sourceTree = "<group>"; };
		48780A631D33BD3E00B75E61 /* CoreLocation.framework */ = {isa = PBXFileReference; lastKnownFileType = wrapper.framework; name = CoreLocation.framework; path = System/Library/Frameworks/CoreLocation.framework; sourceTree = SDKROOT; };
		48780AB31D35042000B75E61 /* EntryCell.swift */ = {isa = PBXFileReference; fileEncoding = 4; lastKnownFileType = sourcecode.swift; path = EntryCell.swift; sourceTree = "<group>"; };
		48780AB41D35042000B75E61 /* EntryCell.xib */ = {isa = PBXFileReference; fileEncoding = 4; lastKnownFileType = file.xib; path = EntryCell.xib; sourceTree = "<group>"; };
		4899F0281D36D9F0002E6505 /* OnBoardingViewController.swift */ = {isa = PBXFileReference; fileEncoding = 4; lastKnownFileType = sourcecode.swift; path = OnBoardingViewController.swift; sourceTree = "<group>"; };
		4899F0291D36D9F0002E6505 /* OnBoardingViewController.xib */ = {isa = PBXFileReference; fileEncoding = 4; lastKnownFileType = file.xib; path = OnBoardingViewController.xib; sourceTree = "<group>"; };
		48ACA1A81D2FB1EC0014DA5C /* iXplore.app */ = {isa = PBXFileReference; explicitFileType = wrapper.application; includeInIndex = 0; path = iXplore.app; sourceTree = BUILT_PRODUCTS_DIR; };
		48ACA1AB1D2FB1EC0014DA5C /* AppDelegate.swift */ = {isa = PBXFileReference; lastKnownFileType = sourcecode.swift; path = AppDelegate.swift; sourceTree = "<group>"; };
		48ACA1B21D2FB1EC0014DA5C /* Assets.xcassets */ = {isa = PBXFileReference; lastKnownFileType = folder.assetcatalog; path = Assets.xcassets; sourceTree = "<group>"; };
		48ACA1B51D2FB1EC0014DA5C /* Base */ = {isa = PBXFileReference; lastKnownFileType = file.storyboard; name = Base; path = Base.lproj/LaunchScreen.storyboard; sourceTree = "<group>"; };
		48ACA1B71D2FB1EC0014DA5C /* Info.plist */ = {isa = PBXFileReference; lastKnownFileType = text.plist.xml; path = Info.plist; sourceTree = "<group>"; };
		48ACA1BD1D2FCF230014DA5C /* MapViewController.swift */ = {isa = PBXFileReference; fileEncoding = 4; lastKnownFileType = sourcecode.swift; path = MapViewController.swift; sourceTree = "<group>"; };
		48ACA1BE1D2FCF230014DA5C /* MapViewController.xib */ = {isa = PBXFileReference; fileEncoding = 4; lastKnownFileType = file.xib; path = MapViewController.xib; sourceTree = "<group>"; };
		48ACA1C11D2FCF390014DA5C /* MapKit.framework */ = {isa = PBXFileReference; lastKnownFileType = wrapper.framework; name = MapKit.framework; path = System/Library/Frameworks/MapKit.framework; sourceTree = SDKROOT; };
		48ACA1C31D3008D70014DA5C /* JournalEntry.swift */ = {isa = PBXFileReference; fileEncoding = 4; lastKnownFileType = sourcecode.swift; path = JournalEntry.swift; sourceTree = "<group>"; };
		48ACA1C51D300A8A0014DA5C /* JournalEntryController.swift */ = {isa = PBXFileReference; fileEncoding = 4; lastKnownFileType = sourcecode.swift; path = JournalEntryController.swift; sourceTree = "<group>"; };
		48ACA1C71D3194CC0014DA5C /* AddEntryViewController.swift */ = {isa = PBXFileReference; fileEncoding = 4; lastKnownFileType = sourcecode.swift; path = AddEntryViewController.swift; sourceTree = "<group>"; };
		48ACA1C81D3194CC0014DA5C /* AddEntryViewController.xib */ = {isa = PBXFileReference; fileEncoding = 4; lastKnownFileType = file.xib; path = AddEntryViewController.xib; sourceTree = "<group>"; };
		86E01E3F06FE3DAEEF85C3FA /* Pods-iXplore.debug.xcconfig */ = {isa = PBXFileReference; includeInIndex = 1; lastKnownFileType = text.xcconfig; name = "Pods-iXplore.debug.xcconfig"; path = "Pods/Target Support Files/Pods-iXplore/Pods-iXplore.debug.xcconfig"; sourceTree = "<group>"; };
		A7E64BFDE433B1A8AE5BEF94 /* Pods-iXplore.release.xcconfig */ = {isa = PBXFileReference; includeInIndex = 1; lastKnownFileType = text.xcconfig; name = "Pods-iXplore.release.xcconfig"; path = "Pods/Target Support Files/Pods-iXplore/Pods-iXplore.release.xcconfig"; sourceTree = "<group>"; };
		F8C7F30A213F9D38A45CC253 /* Pods_iXplore.framework */ = {isa = PBXFileReference; explicitFileType = wrapper.framework; includeInIndex = 0; path = Pods_iXplore.framework; sourceTree = BUILT_PRODUCTS_DIR; };
/* End PBXFileReference section */

/* Begin PBXFrameworksBuildPhase section */
		48ACA1A51D2FB1EC0014DA5C /* Frameworks */ = {
			isa = PBXFrameworksBuildPhase;
			buildActionMask = 2147483647;
			files = (
				48780A641D33BD3E00B75E61 /* CoreLocation.framework in Frameworks */,
				48ACA1C21D2FCF390014DA5C /* MapKit.framework in Frameworks */,
				E1F4178DFA1643582C23E587 /* Pods_iXplore.framework in Frameworks */,
			);
			runOnlyForDeploymentPostprocessing = 0;
		};
/* End PBXFrameworksBuildPhase section */

/* Begin PBXGroup section */
		48ACA19F1D2FB1EC0014DA5C = {
			isa = PBXGroup;
			children = (
				48780A631D33BD3E00B75E61 /* CoreLocation.framework */,
				48ACA1C11D2FCF390014DA5C /* MapKit.framework */,
				48ACA1AA1D2FB1EC0014DA5C /* iXplore */,
				48ACA1A91D2FB1EC0014DA5C /* Products */,
				E03E7ECC1FE7D40A8A8822D6 /* Pods */,
				B8452620C39C7294CBA5FB00 /* Frameworks */,
			);
			sourceTree = "<group>";
		};
		48ACA1A91D2FB1EC0014DA5C /* Products */ = {
			isa = PBXGroup;
			children = (
				48ACA1A81D2FB1EC0014DA5C /* iXplore.app */,
			);
			name = Products;
			sourceTree = "<group>";
		};
		48ACA1AA1D2FB1EC0014DA5C /* iXplore */ = {
			isa = PBXGroup;
			children = (
				48ACA1AB1D2FB1EC0014DA5C /* AppDelegate.swift */,
				4899F0281D36D9F0002E6505 /* OnBoardingViewController.swift */,
				4899F0291D36D9F0002E6505 /* OnBoardingViewController.xib */,
				4807F25D1D37B624009B31B2 /* DatePickTextField.swift */,
				48ACA1B21D2FB1EC0014DA5C /* Assets.xcassets */,
				48ACA1BD1D2FCF230014DA5C /* MapViewController.swift */,
				48ACA1C31D3008D70014DA5C /* JournalEntry.swift */,
				48ACA1C51D300A8A0014DA5C /* JournalEntryController.swift */,
				48780AB31D35042000B75E61 /* EntryCell.swift */,
				48780AB41D35042000B75E61 /* EntryCell.xib */,
				48ACA1BE1D2FCF230014DA5C /* MapViewController.xib */,
				48ACA1C71D3194CC0014DA5C /* AddEntryViewController.swift */,
				48ACA1C81D3194CC0014DA5C /* AddEntryViewController.xib */,
				48ACA1B41D2FB1EC0014DA5C /* LaunchScreen.storyboard */,
				48ACA1B71D2FB1EC0014DA5C /* Info.plist */,
			);
			path = iXplore;
			sourceTree = "<group>";
		};
		B8452620C39C7294CBA5FB00 /* Frameworks */ = {
			isa = PBXGroup;
			children = (
				F8C7F30A213F9D38A45CC253 /* Pods_iXplore.framework */,
			);
			name = Frameworks;
			sourceTree = "<group>";
		};
		E03E7ECC1FE7D40A8A8822D6 /* Pods */ = {
			isa = PBXGroup;
			children = (
				86E01E3F06FE3DAEEF85C3FA /* Pods-iXplore.debug.xcconfig */,
				A7E64BFDE433B1A8AE5BEF94 /* Pods-iXplore.release.xcconfig */,
			);
			name = Pods;
			sourceTree = "<group>";
		};
/* End PBXGroup section */

/* Begin PBXNativeTarget section */
		48ACA1A71D2FB1EC0014DA5C /* iXplore */ = {
			isa = PBXNativeTarget;
			buildConfigurationList = 48ACA1BA1D2FB1EC0014DA5C /* Build configuration list for PBXNativeTarget "iXplore" */;
			buildPhases = (
				3C16A3EF1B62FBFBF505AD23 /* [CP] Check Pods Manifest.lock */,
				48ACA1A41D2FB1EC0014DA5C /* Sources */,
				48ACA1A51D2FB1EC0014DA5C /* Frameworks */,
				48ACA1A61D2FB1EC0014DA5C /* Resources */,
				B165ADCAEC5CAADEBD160115 /* [CP] Embed Pods Frameworks */,
				8AA3568EACB107BF938B94A4 /* [CP] Copy Pods Resources */,
			);
			buildRules = (
			);
			dependencies = (
			);
			name = iXplore;
			productName = iXplore;
			productReference = 48ACA1A81D2FB1EC0014DA5C /* iXplore.app */;
			productType = "com.apple.product-type.application";
		};
/* End PBXNativeTarget section */

/* Begin PBXProject section */
		48ACA1A01D2FB1EC0014DA5C /* Project object */ = {
			isa = PBXProject;
			attributes = {
				LastSwiftUpdateCheck = 0730;
				LastUpgradeCheck = 0730;
				ORGANIZATIONNAME = "David Xu";
				TargetAttributes = {
					48ACA1A71D2FB1EC0014DA5C = {
						CreatedOnToolsVersion = 7.3;
						DevelopmentTeam = KJK6U8D573;
					};
				};
			};
			buildConfigurationList = 48ACA1A31D2FB1EC0014DA5C /* Build configuration list for PBXProject "iXplore" */;
			compatibilityVersion = "Xcode 3.2";
			developmentRegion = English;
			hasScannedForEncodings = 0;
			knownRegions = (
				en,
				Base,
			);
			mainGroup = 48ACA19F1D2FB1EC0014DA5C;
			productRefGroup = 48ACA1A91D2FB1EC0014DA5C /* Products */;
			projectDirPath = "";
			projectRoot = "";
			targets = (
				48ACA1A71D2FB1EC0014DA5C /* iXplore */,
			);
		};
/* End PBXProject section */

/* Begin PBXResourcesBuildPhase section */
		48ACA1A61D2FB1EC0014DA5C /* Resources */ = {
			isa = PBXResourcesBuildPhase;
			buildActionMask = 2147483647;
			files = (
				48ACA1B61D2FB1EC0014DA5C /* LaunchScreen.storyboard in Resources */,
				48ACA1CA1D3194CC0014DA5C /* AddEntryViewController.xib in Resources */,
				48780AB61D35042000B75E61 /* EntryCell.xib in Resources */,
				4899F02B1D36D9F0002E6505 /* OnBoardingViewController.xib in Resources */,
				48ACA1C01D2FCF230014DA5C /* MapViewController.xib in Resources */,
				48ACA1B31D2FB1EC0014DA5C /* Assets.xcassets in Resources */,
			);
			runOnlyForDeploymentPostprocessing = 0;
		};
/* End PBXResourcesBuildPhase section */

/* Begin PBXShellScriptBuildPhase section */
		3C16A3EF1B62FBFBF505AD23 /* [CP] Check Pods Manifest.lock */ = {
			isa = PBXShellScriptBuildPhase;
			buildActionMask = 2147483647;
			files = (
			);
			inputPaths = (
			);
			name = "[CP] Check Pods Manifest.lock";
			outputPaths = (
			);
			runOnlyForDeploymentPostprocessing = 0;
			shellPath = /bin/sh;
			shellScript = "diff \"${PODS_ROOT}/../Podfile.lock\" \"${PODS_ROOT}/Manifest.lock\" > /dev/null\nif [[ $? != 0 ]] ; then\n    cat << EOM\nerror: The sandbox is not in sync with the Podfile.lock. Run 'pod install' or update your CocoaPods installation.\nEOM\n    exit 1\nfi\n";
			showEnvVarsInLog = 0;
		};
		8AA3568EACB107BF938B94A4 /* [CP] Copy Pods Resources */ = {
			isa = PBXShellScriptBuildPhase;
			buildActionMask = 2147483647;
			files = (
			);
			inputPaths = (
			);
			name = "[CP] Copy Pods Resources";
			outputPaths = (
			);
			runOnlyForDeploymentPostprocessing = 0;
			shellPath = /bin/sh;
			shellScript = "\"${SRCROOT}/Pods/Target Support Files/Pods-iXplore/Pods-iXplore-resources.sh\"\n";
			showEnvVarsInLog = 0;
		};
		B165ADCAEC5CAADEBD160115 /* [CP] Embed Pods Frameworks */ = {
			isa = PBXShellScriptBuildPhase;
			buildActionMask = 2147483647;
			files = (
			);
			inputPaths = (
			);
			name = "[CP] Embed Pods Frameworks";
			outputPaths = (
			);
			runOnlyForDeploymentPostprocessing = 0;
			shellPath = /bin/sh;
			shellScript = "\"${SRCROOT}/Pods/Target Support Files/Pods-iXplore/Pods-iXplore-frameworks.sh\"\n";
			showEnvVarsInLog = 0;
		};
/* End PBXShellScriptBuildPhase section */

/* Begin PBXSourcesBuildPhase section */
		48ACA1A41D2FB1EC0014DA5C /* Sources */ = {
			isa = PBXSourcesBuildPhase;
			buildActionMask = 2147483647;
			files = (
				4807F25E1D37B624009B31B2 /* DatePickTextField.swift in Sources */,
				48ACA1C61D300A8A0014DA5C /* JournalEntryController.swift in Sources */,
				48ACA1AC1D2FB1EC0014DA5C /* AppDelegate.swift in Sources */,
				4899F02A1D36D9F0002E6505 /* OnBoardingViewController.swift in Sources */,
				48ACA1C41D3008D70014DA5C /* JournalEntry.swift in Sources */,
				48ACA1C91D3194CC0014DA5C /* AddEntryViewController.swift in Sources */,
				48780AB51D35042000B75E61 /* EntryCell.swift in Sources */,
				48ACA1BF1D2FCF230014DA5C /* MapViewController.swift in Sources */,
			);
			runOnlyForDeploymentPostprocessing = 0;
		};
/* End PBXSourcesBuildPhase section */

/* Begin PBXVariantGroup section */
		48ACA1B41D2FB1EC0014DA5C /* LaunchScreen.storyboard */ = {
			isa = PBXVariantGroup;
			children = (
				48ACA1B51D2FB1EC0014DA5C /* Base */,
			);
			name = LaunchScreen.storyboard;
			sourceTree = "<group>";
		};
/* End PBXVariantGroup section */

/* Begin XCBuildConfiguration section */
		48ACA1B81D2FB1EC0014DA5C /* Debug */ = {
			isa = XCBuildConfiguration;
			buildSettings = {
				ALWAYS_SEARCH_USER_PATHS = NO;
				CLANG_ANALYZER_NONNULL = YES;
				CLANG_CXX_LANGUAGE_STANDARD = "gnu++0x";
				CLANG_CXX_LIBRARY = "libc++";
				CLANG_ENABLE_MODULES = YES;
				CLANG_ENABLE_OBJC_ARC = YES;
				CLANG_WARN_BOOL_CONVERSION = YES;
				CLANG_WARN_CONSTANT_CONVERSION = YES;
				CLANG_WARN_DIRECT_OBJC_ISA_USAGE = YES_ERROR;
				CLANG_WARN_EMPTY_BODY = YES;
				CLANG_WARN_ENUM_CONVERSION = YES;
				CLANG_WARN_INT_CONVERSION = YES;
				CLANG_WARN_OBJC_ROOT_CLASS = YES_ERROR;
				CLANG_WARN_UNREACHABLE_CODE = YES;
				CLANG_WARN__DUPLICATE_METHOD_MATCH = YES;
				"CODE_SIGN_IDENTITY[sdk=iphoneos*]" = "iPhone Developer";
				COPY_PHASE_STRIP = NO;
				DEBUG_INFORMATION_FORMAT = dwarf;
				ENABLE_STRICT_OBJC_MSGSEND = YES;
				ENABLE_TESTABILITY = YES;
				GCC_C_LANGUAGE_STANDARD = gnu99;
				GCC_DYNAMIC_NO_PIC = NO;
				GCC_NO_COMMON_BLOCKS = YES;
				GCC_OPTIMIZATION_LEVEL = 0;
				GCC_PREPROCESSOR_DEFINITIONS = (
					"DEBUG=1",
					"$(inherited)",
				);
				GCC_WARN_64_TO_32_BIT_CONVERSION = YES;
				GCC_WARN_ABOUT_RETURN_TYPE = YES_ERROR;
				GCC_WARN_UNDECLARED_SELECTOR = YES;
				GCC_WARN_UNINITIALIZED_AUTOS = YES_AGGRESSIVE;
				GCC_WARN_UNUSED_FUNCTION = YES;
				GCC_WARN_UNUSED_VARIABLE = YES;
				IPHONEOS_DEPLOYMENT_TARGET = 9.3;
				MTL_ENABLE_DEBUG_INFO = YES;
				ONLY_ACTIVE_ARCH = YES;
				SDKROOT = iphoneos;
				SWIFT_OPTIMIZATION_LEVEL = "-Onone";
			};
			name = Debug;
		};
		48ACA1B91D2FB1EC0014DA5C /* Release */ = {
			isa = XCBuildConfiguration;
			buildSettings = {
				ALWAYS_SEARCH_USER_PATHS = NO;
				CLANG_ANALYZER_NONNULL = YES;
				CLANG_CXX_LANGUAGE_STANDARD = "gnu++0x";
				CLANG_CXX_LIBRARY = "libc++";
				CLANG_ENABLE_MODULES = YES;
				CLANG_ENABLE_OBJC_ARC = YES;
				CLANG_WARN_BOOL_CONVERSION = YES;
				CLANG_WARN_CONSTANT_CONVERSION = YES;
				CLANG_WARN_DIRECT_OBJC_ISA_USAGE = YES_ERROR;
				CLANG_WARN_EMPTY_BODY = YES;
				CLANG_WARN_ENUM_CONVERSION = YES;
				CLANG_WARN_INT_CONVERSION = YES;
				CLANG_WARN_OBJC_ROOT_CLASS = YES_ERROR;
				CLANG_WARN_UNREACHABLE_CODE = YES;
				CLANG_WARN__DUPLICATE_METHOD_MATCH = YES;
				"CODE_SIGN_IDENTITY[sdk=iphoneos*]" = "iPhone Developer";
				COPY_PHASE_STRIP = NO;
				DEBUG_INFORMATION_FORMAT = "dwarf-with-dsym";
				ENABLE_NS_ASSERTIONS = NO;
				ENABLE_STRICT_OBJC_MSGSEND = YES;
				GCC_C_LANGUAGE_STANDARD = gnu99;
				GCC_NO_COMMON_BLOCKS = YES;
				GCC_WARN_64_TO_32_BIT_CONVERSION = YES;
				GCC_WARN_ABOUT_RETURN_TYPE = YES_ERROR;
				GCC_WARN_UNDECLARED_SELECTOR = YES;
				GCC_WARN_UNINITIALIZED_AUTOS = YES_AGGRESSIVE;
				GCC_WARN_UNUSED_FUNCTION = YES;
				GCC_WARN_UNUSED_VARIABLE = YES;
				IPHONEOS_DEPLOYMENT_TARGET = 9.3;
				MTL_ENABLE_DEBUG_INFO = NO;
				SDKROOT = iphoneos;
				VALIDATE_PRODUCT = YES;
			};
			name = Release;
		};
		48ACA1BB1D2FB1EC0014DA5C /* Debug */ = {
			isa = XCBuildConfiguration;
			baseConfigurationReference = 86E01E3F06FE3DAEEF85C3FA /* Pods-iXplore.debug.xcconfig */;
			buildSettings = {
				ASSETCATALOG_COMPILER_APPICON_NAME = AppIcon;
				CODE_SIGN_IDENTITY = "iPhone Developer";
				"CODE_SIGN_IDENTITY[sdk=iphoneos*]" = "iPhone Developer";
				INFOPLIST_FILE = iXplore/Info.plist;
				IPHONEOS_DEPLOYMENT_TARGET = 9.3;
				LD_RUNPATH_SEARCH_PATHS = "$(inherited) @executable_path/Frameworks";
				PRODUCT_BUNDLE_IDENTIFIER = "siqing-xu.iXplore";
				PRODUCT_NAME = "$(TARGET_NAME)";
				PROVISIONING_PROFILE = "";
			};
			name = Debug;
		};
		48ACA1BC1D2FB1EC0014DA5C /* Release */ = {
			isa = XCBuildConfiguration;
			baseConfigurationReference = A7E64BFDE433B1A8AE5BEF94 /* Pods-iXplore.release.xcconfig */;
			buildSettings = {
				ASSETCATALOG_COMPILER_APPICON_NAME = AppIcon;
				CODE_SIGN_IDENTITY = "iPhone Developer";
				"CODE_SIGN_IDENTITY[sdk=iphoneos*]" = "iPhone Developer";
				INFOPLIST_FILE = iXplore/Info.plist;
				IPHONEOS_DEPLOYMENT_TARGET = 9.3;
				LD_RUNPATH_SEARCH_PATHS = "$(inherited) @executable_path/Frameworks";
				PRODUCT_BUNDLE_IDENTIFIER = "siqing-xu.iXplore";
				PRODUCT_NAME = "$(TARGET_NAME)";
				PROVISIONING_PROFILE = "";
			};
			name = Release;
		};
/* End XCBuildConfiguration section */

/* Begin XCConfigurationList section */
		48ACA1A31D2FB1EC0014DA5C /* Build configuration list for PBXProject "iXplore" */ = {
			isa = XCConfigurationList;
			buildConfigurations = (
				48ACA1B81D2FB1EC0014DA5C /* Debug */,
				48ACA1B91D2FB1EC0014DA5C /* Release */,
			);
			defaultConfigurationIsVisible = 0;
			defaultConfigurationName = Release;
		};
		48ACA1BA1D2FB1EC0014DA5C /* Build configuration list for PBXNativeTarget "iXplore" */ = {
			isa = XCConfigurationList;
			buildConfigurations = (
				48ACA1BB1D2FB1EC0014DA5C /* Debug */,
				48ACA1BC1D2FB1EC0014DA5C /* Release */,
			);
			defaultConfigurationIsVisible = 0;
			defaultConfigurationName = Release;
		};
/* End XCConfigurationList section */
	};
	rootObject = 48ACA1A01D2FB1EC0014DA5C /* Project object */;
}
